
Microsoft Visual Studio Solution File, Format Version 12.00
# Visual Studio 15
Project("{FAE04EC0-301F-11D3-BF4B-00C04F79EFBC}") = "SimpleWebTransport", "SimpleWebTransport.csproj", "{3A2DF8CD-41B2-58A1-94BE-0A99291FEAF3}"
EndProject
Project("{FAE04EC0-301F-11D3-BF4B-00C04F79EFBC}") = "Mirror.Examples", "Mirror.Examples.csproj", "{917955E8-A5A9-E6A6-2922-303B0279D7DB}"
EndProject
Project("{FAE04EC0-301F-11D3-BF4B-00C04F79EFBC}") = "Mirror", "Mirror.csproj", "{42D37C35-9573-E126-48B5-2AD8291474D5}"
EndProject
Project("{FAE04EC0-301F-11D3-BF4B-00C04F79EFBC}") = "Mirror.Components", "Mirror.Components.csproj", "{A4037B58-6201-7583-24D0-F5D9370169EB}"
EndProject
Project("{FAE04EC0-301F-11D3-BF4B-00C04F79EFBC}") = "Telepathy", "Telepathy.csproj", "{F1B61351-128F-D23E-73D3-AB2B6A618064}"
EndProject
Project("{FAE04EC0-301F-11D3-BF4B-00C04F79EFBC}") = "Assembly-CSharp", "Assembly-CSharp.csproj", "{F6128B76-E25D-386B-611F-F177C2CCAF98}"
EndProject
Project("{FAE04EC0-301F-11D3-BF4B-00C04F79EFBC}") = "kcp2k", "kcp2k.csproj", "{5C80C07A-ABB0-A0A7-8095-48A5A94AEC64}"
EndProject
Project("{FAE04EC0-301F-11D3-BF4B-00C04F79EFBC}") = "where-allocations", "where-allocations.csproj", "{3492E3F4-E340-0E53-215E-25BDC9119CD1}"
EndProject
Project("{FAE04EC0-301F-11D3-BF4B-00C04F79EFBC}") = "Mirror.Authenticators", "Mirror.Authenticators.csproj", "{B6D75B1A-90AD-308D-487C-76663439BF57}"
EndProject
Project("{FAE04EC0-301F-11D3-BF4B-00C04F79EFBC}") = "Unity.Mirror.CodeGen", "Unity.Mirror.CodeGen.csproj", "{38929243-0124-5595-5443-83097CD59F13}"
EndProject
Project("{FAE04EC0-301F-11D3-BF4B-00C04F79EFBC}") = "ParrelSync", "ParrelSync.csproj", "{AC61A46A-DAB4-9DDF-ACA5-1806C6DAB1B6}"
EndProject
Project("{FAE04EC0-301F-11D3-BF4B-00C04F79EFBC}") = "Mirror.Editor", "Mirror.Editor.csproj", "{42A6239F-56BA-64C1-1902-A034489E7F19}"
EndProject
Project("{FAE04EC0-301F-11D3-BF4B-00C04F79EFBC}") = "Mirror.CompilerSymbols", "Mirror.CompilerSymbols.csproj", "{9E7DD801-E474-8AA2-BF41-407EB9FA04DE}"
EndProject
Project("{FAE04EC0-301F-11D3-BF4B-00C04F79EFBC}") = "Assembly-CSharp-Editor", "Assembly-CSharp-Editor.csproj", "{088F439C-6EC4-F20E-698D-C8149BC9BA8B}"
EndProject
Global
	GlobalSection(SolutionConfigurationPlatforms) = preSolution
		Debug|Any CPU = Debug|Any CPU
		Release|Any CPU = Release|Any CPU
	EndGlobalSection
	GlobalSection(ProjectConfigurationPlatforms) = postSolution
		{3A2DF8CD-41B2-58A1-94BE-0A99291FEAF3}.Debug|Any CPU.ActiveCfg = Debug|Any CPU
		{3A2DF8CD-41B2-58A1-94BE-0A99291FEAF3}.Debug|Any CPU.Build.0 = Debug|Any CPU
		{3A2DF8CD-41B2-58A1-94BE-0A99291FEAF3}.Release|Any CPU.ActiveCfg = Release|Any CPU
		{3A2DF8CD-41B2-58A1-94BE-0A99291FEAF3}.Release|Any CPU.Build.0 = Release|Any CPU
		{917955E8-A5A9-E6A6-2922-303B0279D7DB}.Debug|Any CPU.ActiveCfg = Debug|Any CPU
		{917955E8-A5A9-E6A6-2922-303B0279D7DB}.Debug|Any CPU.Build.0 = Debug|Any CPU
		{917955E8-A5A9-E6A6-2922-303B0279D7DB}.Release|Any CPU.ActiveCfg = Release|Any CPU
		{917955E8-A5A9-E6A6-2922-303B0279D7DB}.Release|Any CPU.Build.0 = Release|Any CPU
		{42D37C35-9573-E126-48B5-2AD8291474D5}.Debug|Any CPU.ActiveCfg = Debug|Any CPU
		{42D37C35-9573-E126-48B5-2AD8291474D5}.Debug|Any CPU.Build.0 = Debug|Any CPU
		{42D37C35-9573-E126-48B5-2AD8291474D5}.Release|Any CPU.ActiveCfg = Release|Any CPU
		{42D37C35-9573-E126-48B5-2AD8291474D5}.Release|Any CPU.Build.0 = Release|Any CPU
		{A4037B58-6201-7583-24D0-F5D9370169EB}.Debug|Any CPU.ActiveCfg = Debug|Any CPU
		{A4037B58-6201-7583-24D0-F5D9370169EB}.Debug|Any CPU.Build.0 = Debug|Any CPU
		{A4037B58-6201-7583-24D0-F5D9370169EB}.Release|Any CPU.ActiveCfg = Release|Any CPU
		{A4037B58-6201-7583-24D0-F5D9370169EB}.Release|Any CPU.Build.0 = Release|Any CPU
		{F1B61351-128F-D23E-73D3-AB2B6A618064}.Debug|Any CPU.ActiveCfg = Debug|Any CPU
		{F1B61351-128F-D23E-73D3-AB2B6A618064}.Debug|Any CPU.Build.0 = Debug|Any CPU
		{F1B61351-128F-D23E-73D3-AB2B6A618064}.Release|Any CPU.ActiveCfg = Release|Any CPU
		{F1B61351-128F-D23E-73D3-AB2B6A618064}.Release|Any CPU.Build.0 = Release|Any CPU
		{F6128B76-E25D-386B-611F-F177C2CCAF98}.Debug|Any CPU.ActiveCfg = Debug|Any CPU
		{F6128B76-E25D-386B-611F-F177C2CCAF98}.Debug|Any CPU.Build.0 = Debug|Any CPU
		{F6128B76-E25D-386B-611F-F177C2CCAF98}.Release|Any CPU.ActiveCfg = Release|Any CPU
		{F6128B76-E25D-386B-611F-F177C2CCAF98}.Release|Any CPU.Build.0 = Release|Any CPU
		{5C80C07A-ABB0-A0A7-8095-48A5A94AEC64}.Debug|Any CPU.ActiveCfg = Debug|Any CPU
		{5C80C07A-ABB0-A0A7-8095-48A5A94AEC64}.Debug|Any CPU.Build.0 = Debug|Any CPU
		{5C80C07A-ABB0-A0A7-8095-48A5A94AEC64}.Release|Any CPU.ActiveCfg = Release|Any CPU
		{5C80C07A-ABB0-A0A7-8095-48A5A94AEC64}.Release|Any CPU.Build.0 = Release|Any CPU
		{3492E3F4-E340-0E53-215E-25BDC9119CD1}.Debug|Any CPU.ActiveCfg = Debug|Any CPU
		{3492E3F4-E340-0E53-215E-25BDC9119CD1}.Debug|Any CPU.Build.0 = Debug|Any CPU
		{3492E3F4-E340-0E53-215E-25BDC9119CD1}.Release|Any CPU.ActiveCfg = Release|Any CPU
		{3492E3F4-E340-0E53-215E-25BDC9119CD1}.Release|Any CPU.Build.0 = Release|Any CPU
		{B6D75B1A-90AD-308D-487C-76663439BF57}.Debug|Any CPU.ActiveCfg = Debug|Any CPU
		{B6D75B1A-90AD-308D-487C-76663439BF57}.Debug|Any CPU.Build.0 = Debug|Any CPU
		{B6D75B1A-90AD-308D-487C-76663439BF57}.Release|Any CPU.ActiveCfg = Release|Any CPU
		{B6D75B1A-90AD-308D-487C-76663439BF57}.Release|Any CPU.Build.0 = Release|Any CPU
		{38929243-0124-5595-5443-83097CD59F13}.Debug|Any CPU.ActiveCfg = Debug|Any CPU
		{38929243-0124-5595-5443-83097CD59F13}.Debug|Any CPU.Build.0 = Debug|Any CPU
		{38929243-0124-5595-5443-83097CD59F13}.Release|Any CPU.ActiveCfg = Release|Any CPU
		{38929243-0124-5595-5443-83097CD59F13}.Release|Any CPU.Build.0 = Release|Any CPU
		{AC61A46A-DAB4-9DDF-ACA5-1806C6DAB1B6}.Debug|Any CPU.ActiveCfg = Debug|Any CPU
		{AC61A46A-DAB4-9DDF-ACA5-1806C6DAB1B6}.Debug|Any CPU.Build.0 = Debug|Any CPU
		{AC61A46A-DAB4-9DDF-ACA5-1806C6DAB1B6}.Release|Any CPU.ActiveCfg = Release|Any CPU
		{AC61A46A-DAB4-9DDF-ACA5-1806C6DAB1B6}.Release|Any CPU.Build.0 = Release|Any CPU
		{42A6239F-56BA-64C1-1902-A034489E7F19}.Debug|Any CPU.ActiveCfg = Debug|Any CPU
		{42A6239F-56BA-64C1-1902-A034489E7F19}.Debug|Any CPU.Build.0 = Debug|Any CPU
		{42A6239F-56BA-64C1-1902-A034489E7F19}.Release|Any CPU.ActiveCfg = Release|Any CPU
		{42A6239F-56BA-64C1-1902-A034489E7F19}.Release|Any CPU.Build.0 = Release|Any CPU
		{9E7DD801-E474-8AA2-BF41-407EB9FA04DE}.Debug|Any CPU.ActiveCfg = Debug|Any CPU
		{9E7DD801-E474-8AA2-BF41-407EB9FA04DE}.Debug|Any CPU.Build.0 = Debug|Any CPU
		{9E7DD801-E474-8AA2-BF41-407EB9FA04DE}.Release|Any CPU.ActiveCfg = Release|Any CPU
		{9E7DD801-E474-8AA2-BF41-407EB9FA04DE}.Release|Any CPU.Build.0 = Release|Any CPU
		{088F439C-6EC4-F20E-698D-C8149BC9BA8B}.Debug|Any CPU.ActiveCfg = Debug|Any CPU
		{088F439C-6EC4-F20E-698D-C8149BC9BA8B}.Debug|Any CPU.Build.0 = Debug|Any CPU
		{088F439C-6EC4-F20E-698D-C8149BC9BA8B}.Release|Any CPU.ActiveCfg = Release|Any CPU
		{088F439C-6EC4-F20E-698D-C8149BC9BA8B}.Release|Any CPU.Build.0 = Release|Any CPU
	EndGlobalSection
	GlobalSection(SolutionProperties) = preSolution
		HideSolutionNode = FALSE
	EndGlobalSection
EndGlobal
